
Microsoft Visual Studio Solution File, Format Version 12.00
# Visual Studio Version 17
VisualStudioVersion = 17.0.31903.59
MinimumVisualStudioVersion = 10.0.40219.1
Project("{9A19103F-16F7-4668-BE54-9A1E7A4F7556}") = "Algorithms", "Algorithms\Algorithms.csproj", "{AC7A684F-3D15-400D-915C-314B4F3CF007}"
EndProject
Project("{2150E333-8FDC-42A3-9474-1A3956D46DE8}") = "Solution Items", "Solution Items", "{F3B08295-A1D1-4596-A1D3-4286CBFD787E}"
	ProjectSection(SolutionItems) = preProject
		.editorconfig = .editorconfig
	EndProjectSection
EndProject
Global
	GlobalSection(SolutionConfigurationPlatforms) = preSolution
		Debug|Any CPU = Debug|Any CPU
		Release|Any CPU = Release|Any CPU
	EndGlobalSection
	GlobalSection(ProjectConfigurationPlatforms) = postSolution
		{AC7A684F-3D15-400D-915C-314B4F3CF007}.Debug|Any CPU.ActiveCfg = Debug|Any CPU
		{AC7A684F-3D15-400D-915C-314B4F3CF007}.Debug|Any CPU.Build.0 = Debug|Any CPU
		{AC7A684F-3D15-400D-915C-314B4F3CF007}.Release|Any CPU.ActiveCfg = Release|Any CPU
		{AC7A684F-3D15-400D-915C-314B4F3CF007}.Release|Any CPU.Build.0 = Release|Any CPU
	EndGlobalSection
	GlobalSection(SolutionProperties) = preSolution
		HideSolutionNode = FALSE
	EndGlobalSection
	GlobalSection(ExtensibilityGlobals) = postSolution
		SolutionGuid = {43A70D03-D776-4589-B389-4678CF64A173}
	EndGlobalSection
EndGlobal
